
Microsoft Visual Studio Solution File, Format Version 12.00
# Visual Studio Version 16
VisualStudioVersion = 16.0.30413.136
MinimumVisualStudioVersion = 10.0.40219.1
Project("{FAE04EC0-301F-11D3-BF4B-00C04F79EFBC}") = "AdventureWorkWebApi", "AdventureWorkWebApi\AdventureWorkWebApi.csproj", "{A89DB74A-EF22-48CF-A798-396AAC47B983}"
EndProject
Project("{FAE04EC0-301F-11D3-BF4B-00C04F79EFBC}") = "AdventureWorksApiService", "AdventureWorksApiService\AdventureWorksApiService.csproj", "{058517EF-D1F3-4034-A156-D486CC67BE16}"
EndProject
Project("{FAE04EC0-301F-11D3-BF4B-00C04F79EFBC}") = "AdventureWorks.DbModel", "AdventureWorks.DbModel\AdventureWorks.DbModel.csproj", "{81E96CDA-F8B3-4B85-A60D-4A3FE5B1C7B2}"
EndProject
Global
	GlobalSection(SolutionConfigurationPlatforms) = preSolution
		Debug|Any CPU = Debug|Any CPU
		Release|Any CPU = Release|Any CPU
	EndGlobalSection
	GlobalSection(ProjectConfigurationPlatforms) = postSolution
		{A89DB74A-EF22-48CF-A798-396AAC47B983}.Debug|Any CPU.ActiveCfg = Debug|Any CPU
		{A89DB74A-EF22-48CF-A798-396AAC47B983}.Debug|Any CPU.Build.0 = Debug|Any CPU
		{A89DB74A-EF22-48CF-A798-396AAC47B983}.Release|Any CPU.ActiveCfg = Release|Any CPU
		{A89DB74A-EF22-48CF-A798-396AAC47B983}.Release|Any CPU.Build.0 = Release|Any CPU
		{058517EF-D1F3-4034-A156-D486CC67BE16}.Debug|Any CPU.ActiveCfg = Debug|Any CPU
		{058517EF-D1F3-4034-A156-D486CC67BE16}.Debug|Any CPU.Build.0 = Debug|Any CPU
		{058517EF-D1F3-4034-A156-D486CC67BE16}.Release|Any CPU.ActiveCfg = Release|Any CPU
		{058517EF-D1F3-4034-A156-D486CC67BE16}.Release|Any CPU.Build.0 = Release|Any CPU
		{81E96CDA-F8B3-4B85-A60D-4A3FE5B1C7B2}.Debug|Any CPU.ActiveCfg = Debug|Any CPU
		{81E96CDA-F8B3-4B85-A60D-4A3FE5B1C7B2}.Debug|Any CPU.Build.0 = Debug|Any CPU
		{81E96CDA-F8B3-4B85-A60D-4A3FE5B1C7B2}.Release|Any CPU.ActiveCfg = Release|Any CPU
		{81E96CDA-F8B3-4B85-A60D-4A3FE5B1C7B2}.Release|Any CPU.Build.0 = Release|Any CPU
	EndGlobalSection
	GlobalSection(SolutionProperties) = preSolution
		HideSolutionNode = FALSE
	EndGlobalSection
	GlobalSection(ExtensibilityGlobals) = postSolution
		SolutionGuid = {AE183B32-177F-4985-BC76-D41E315DB8B8}
	EndGlobalSection
EndGlobal
